
Microsoft Visual Studio Solution File, Format Version 12.00
# Visual Studio Version 16
VisualStudioVersion = 16.0.35826.135
MinimumVisualStudioVersion = 10.0.40219.1
Project("{FAE04EC0-301F-11D3-BF4B-00C04F79EFBC}") = "formulariosimples", "formulariosimples.csproj", "{F7FF7124-A242-4C30-9D30-0A106A8A2D31}"
EndProject
Global
	GlobalSection(SolutionConfigurationPlatforms) = preSolution
		Debug|Any CPU = Debug|Any CPU
		Debug|x64 = Debug|x64
		Release|Any CPU = Release|Any CPU
		Release|x64 = Release|x64
	EndGlobalSection
	GlobalSection(ProjectConfigurationPlatforms) = postSolution
		{F7FF7124-A242-4C30-9D30-0A106A8A2D31}.Debug|Any CPU.ActiveCfg = Debug|Any CPU
		{F7FF7124-A242-4C30-9D30-0A106A8A2D31}.Debug|Any CPU.Build.0 = Debug|Any CPU
		{F7FF7124-A242-4C30-9D30-0A106A8A2D31}.Debug|x64.ActiveCfg = Debug|x64
		{F7FF7124-A242-4C30-9D30-0A106A8A2D31}.Debug|x64.Build.0 = Debug|x64
		{F7FF7124-A242-4C30-9D30-0A106A8A2D31}.Release|Any CPU.ActiveCfg = Release|Any CPU
		{F7FF7124-A242-4C30-9D30-0A106A8A2D31}.Release|Any CPU.Build.0 = Release|Any CPU
		{F7FF7124-A242-4C30-9D30-0A106A8A2D31}.Release|x64.ActiveCfg = Release|x64
		{F7FF7124-A242-4C30-9D30-0A106A8A2D31}.Release|x64.Build.0 = Release|x64
	EndGlobalSection
	GlobalSection(SolutionProperties) = preSolution
		HideSolutionNode = FALSE
	EndGlobalSection
	GlobalSection(ExtensibilityGlobals) = postSolution
		SolutionGuid = {16066667-CCB5-4D86-B16B-ABB143470A47}
	EndGlobalSection
EndGlobal
