
Microsoft Visual Studio Solution File, Format Version 12.00
# Visual Studio Version 16
VisualStudioVersion = 16.0.35826.135
MinimumVisualStudioVersion = 10.0.40219.1
Project("{FAE04EC0-301F-11D3-BF4B-00C04F79EFBC}") = "tabuadacomloop", "tabuadacomloop\tabuadacomloop.csproj", "{9256F02C-ACF1-4E82-B274-A3FF23C5EE3E}"
EndProject
Global
	GlobalSection(SolutionConfigurationPlatforms) = preSolution
		Debug|Any CPU = Debug|Any CPU
		Debug|x64 = Debug|x64
		Release|Any CPU = Release|Any CPU
		Release|x64 = Release|x64
	EndGlobalSection
	GlobalSection(ProjectConfigurationPlatforms) = postSolution
		{9256F02C-ACF1-4E82-B274-A3FF23C5EE3E}.Debug|Any CPU.ActiveCfg = Debug|Any CPU
		{9256F02C-ACF1-4E82-B274-A3FF23C5EE3E}.Debug|Any CPU.Build.0 = Debug|Any CPU
		{9256F02C-ACF1-4E82-B274-A3FF23C5EE3E}.Debug|x64.ActiveCfg = Debug|x64
		{9256F02C-ACF1-4E82-B274-A3FF23C5EE3E}.Debug|x64.Build.0 = Debug|x64
		{9256F02C-ACF1-4E82-B274-A3FF23C5EE3E}.Release|Any CPU.ActiveCfg = Release|Any CPU
		{9256F02C-ACF1-4E82-B274-A3FF23C5EE3E}.Release|Any CPU.Build.0 = Release|Any CPU
		{9256F02C-ACF1-4E82-B274-A3FF23C5EE3E}.Release|x64.ActiveCfg = Release|x64
		{9256F02C-ACF1-4E82-B274-A3FF23C5EE3E}.Release|x64.Build.0 = Release|x64
	EndGlobalSection
	GlobalSection(SolutionProperties) = preSolution
		HideSolutionNode = FALSE
	EndGlobalSection
	GlobalSection(ExtensibilityGlobals) = postSolution
		SolutionGuid = {CD592445-35B6-4A40-AEBF-C1F0755E7F2C}
	EndGlobalSection
EndGlobal
